
Microsoft Visual Studio Solution File, Format Version 12.00
# Visual Studio Version 17
VisualStudioVersion = 17.4.33403.182
MinimumVisualStudioVersion = 10.0.40219.1
Project("{FAE04EC0-301F-11D3-BF4B-00C04F79EFBC}") = "nguyendoanquocdat_2011068269_bigschool", "nguyendoanquocdat_2011068269_bigschool\nguyendoanquocdat_2011068269_bigschool.csproj", "{9495E2BA-DD69-4D2E-8EC9-2F777DA768C7}"
EndProject
Global
	GlobalSection(SolutionConfigurationPlatforms) = preSolution
		Debug|Any CPU = Debug|Any CPU
		Release|Any CPU = Release|Any CPU
	EndGlobalSection
	GlobalSection(ProjectConfigurationPlatforms) = postSolution
		{9495E2BA-DD69-4D2E-8EC9-2F777DA768C7}.Debug|Any CPU.ActiveCfg = Debug|Any CPU
		{9495E2BA-DD69-4D2E-8EC9-2F777DA768C7}.Debug|Any CPU.Build.0 = Debug|Any CPU
		{9495E2BA-DD69-4D2E-8EC9-2F777DA768C7}.Release|Any CPU.ActiveCfg = Release|Any CPU
		{9495E2BA-DD69-4D2E-8EC9-2F777DA768C7}.Release|Any CPU.Build.0 = Release|Any CPU
	EndGlobalSection
	GlobalSection(SolutionProperties) = preSolution
		HideSolutionNode = FALSE
	EndGlobalSection
	GlobalSection(ExtensibilityGlobals) = postSolution
		SolutionGuid = {6035CD88-41F1-4B7C-BF9F-539CF8DA28A1}
	EndGlobalSection
EndGlobal
